
Microsoft Visual Studio Solution File, Format Version 12.00
# Visual Studio 15
VisualStudioVersion = 15.0.28307.421
MinimumVisualStudioVersion = 10.0.40219.1
Project("{FAE04EC0-301F-11D3-BF4B-00C04F79EFBC}") = "cethw1", "cethw1\cethw1.csproj", "{DACB1C94-A4AA-4809-989E-6A2A42D240A1}"
EndProject
Global
	GlobalSection(SolutionConfigurationPlatforms) = preSolution
		Debug|Any CPU = Debug|Any CPU
		Release|Any CPU = Release|Any CPU
	EndGlobalSection
	GlobalSection(ProjectConfigurationPlatforms) = postSolution
		{DACB1C94-A4AA-4809-989E-6A2A42D240A1}.Debug|Any CPU.ActiveCfg = Debug|Any CPU
		{DACB1C94-A4AA-4809-989E-6A2A42D240A1}.Debug|Any CPU.Build.0 = Debug|Any CPU
		{DACB1C94-A4AA-4809-989E-6A2A42D240A1}.Release|Any CPU.ActiveCfg = Release|Any CPU
		{DACB1C94-A4AA-4809-989E-6A2A42D240A1}.Release|Any CPU.Build.0 = Release|Any CPU
	EndGlobalSection
	GlobalSection(SolutionProperties) = preSolution
		HideSolutionNode = FALSE
	EndGlobalSection
	GlobalSection(ExtensibilityGlobals) = postSolution
		SolutionGuid = {3F2A5EC4-DA53-4E1D-82EB-1CD393F0DDC9}
	EndGlobalSection
EndGlobal
